
Microsoft Visual Studio Solution File, Format Version 12.00
# Visual Studio Version 16
VisualStudioVersion = 16.0.31025.194
MinimumVisualStudioVersion = 10.0.40219.1
Project("{FAE04EC0-301F-11D3-BF4B-00C04F79EFBC}") = "WebAJAXApplication", "WebAJAXApplication\WebAJAXApplication.csproj", "{2A8E148F-CE08-4CAF-AA07-4ED6BCC29B20}"
EndProject
Global
	GlobalSection(SolutionConfigurationPlatforms) = preSolution
		Debug|Any CPU = Debug|Any CPU
		Release|Any CPU = Release|Any CPU
	EndGlobalSection
	GlobalSection(ProjectConfigurationPlatforms) = postSolution
		{2A8E148F-CE08-4CAF-AA07-4ED6BCC29B20}.Debug|Any CPU.ActiveCfg = Debug|Any CPU
		{2A8E148F-CE08-4CAF-AA07-4ED6BCC29B20}.Debug|Any CPU.Build.0 = Debug|Any CPU
		{2A8E148F-CE08-4CAF-AA07-4ED6BCC29B20}.Release|Any CPU.ActiveCfg = Release|Any CPU
		{2A8E148F-CE08-4CAF-AA07-4ED6BCC29B20}.Release|Any CPU.Build.0 = Release|Any CPU
	EndGlobalSection
	GlobalSection(SolutionProperties) = preSolution
		HideSolutionNode = FALSE
	EndGlobalSection
	GlobalSection(ExtensibilityGlobals) = postSolution
		SolutionGuid = {F69F1D8B-D236-4D79-ADF5-B4EFE036BDB2}
	EndGlobalSection
EndGlobal
